{
  "name": "portfolio",
  "lockfileVersion": 3,
  "requires": true,
  "packages": {
    "": {
      "dependencies": {
        "@fontsource-variable/exo": "^5.0.19",
        "@fontsource/exo": "^5.0.18",
        "@fontsource/playfair-display": "^5.0.24"
      }
    },
    "node_modules/@fontsource-variable/exo": {
      "version": "5.0.19",
      "resolved": "https://registry.npmjs.org/@fontsource-variable/exo/-/exo-5.0.19.tgz",
      "integrity": "sha512-7Ld3lchlO+k7zBSvJaudgTxn7VuSCsqa0hXAU52E8Fz+ioVeHRet8fpbJN24xQZND+UvfKE6FMJpgSsYymdNtQ=="
    },
    "node_modules/@fontsource/exo": {
      "version": "5.0.18",
      "resolved": "https://registry.npmjs.org/@fontsource/exo/-/exo-5.0.18.tgz",
      "integrity": "sha512-YQNR/1HGqpvMLez77YwrYXW5dsOdwIVS9fSomG7YVrRePwqNBpVgL3vqcYhfzdKaerZ1WIClV0hCU+A+FQkBow=="
    },
    "node_modules/@fontsource/playfair-display": {
      "version": "5.0.24",
      "resolved": "https://registry.npmjs.org/@fontsource/playfair-display/-/playfair-display-5.0.24.tgz",
      "integrity": "sha512-r+h+PWl8R4dIQ5FikbwUGBF/DPsozH7YcfCxEcUm9SthLCcdKT53KH7iNGhF8RTCV325dyu/JjrA3G3JPUl5hQ=="
    }
  }
}
